// !$*UTF8*$!
{
	archiveVersion = 1;
	classes = {
	};
	objectVersion = 55;
	objects = {

/* Begin PBXBuildFile section */
		71CCCA5B2710F344009885D2 /* AppDelegate.swift in Sources */ = {isa = PBXBuildFile; fileRef = 71CCCA5A2710F344009885D2 /* AppDelegate.swift */; };
		71CCCA5D2710F344009885D2 /* SceneDelegate.swift in Sources */ = {isa = PBXBuildFile; fileRef = 71CCCA5C2710F344009885D2 /* SceneDelegate.swift */; };
		71CCCA5F2710F344009885D2 /* MainViewController.swift in Sources */ = {isa = PBXBuildFile; fileRef = 71CCCA5E2710F344009885D2 /* MainViewController.swift */; };
		71CCCA642710F348009885D2 /* Assets.xcassets in Resources */ = {isa = PBXBuildFile; fileRef = 71CCCA632710F348009885D2 /* Assets.xcassets */; };
		71CCCA672710F348009885D2 /* LaunchScreen.storyboard in Resources */ = {isa = PBXBuildFile; fileRef = 71CCCA652710F348009885D2 /* LaunchScreen.storyboard */; };
		71CCCA7C2710F348009885D2 /* Meli_ChallengeUITests.swift in Sources */ = {isa = PBXBuildFile; fileRef = 71CCCA7B2710F348009885D2 /* Meli_ChallengeUITests.swift */; };
		71CCCA7E2710F348009885D2 /* Meli_ChallengeUITestsLaunchTests.swift in Sources */ = {isa = PBXBuildFile; fileRef = 71CCCA7D2710F348009885D2 /* Meli_ChallengeUITestsLaunchTests.swift */; };
		71CCCA8E2710F75D009885D2 /* SearchViewController.swift in Sources */ = {isa = PBXBuildFile; fileRef = 71CCCA8D2710F75D009885D2 /* SearchViewController.swift */; };
		71CCCA902710F77F009885D2 /* ItemViewController.swift in Sources */ = {isa = PBXBuildFile; fileRef = 71CCCA8F2710F77F009885D2 /* ItemViewController.swift */; };
		71CCCA942710F7F0009885D2 /* UIColor.swift in Sources */ = {isa = PBXBuildFile; fileRef = 71CCCA932710F7F0009885D2 /* UIColor.swift */; };
		71CCCA992710FB53009885D2 /* HeaderView.swift in Sources */ = {isa = PBXBuildFile; fileRef = 71CCCA982710FB53009885D2 /* HeaderView.swift */; };
		71D310062711DFFF002689FE /* Network.swift in Sources */ = {isa = PBXBuildFile; fileRef = 71D310052711DFFF002689FE /* Network.swift */; };
		71D3100B2711E246002689FE /* NetworkTests.swift in Sources */ = {isa = PBXBuildFile; fileRef = 71D3100A2711E246002689FE /* NetworkTests.swift */; };
		71D3100D2711E2AA002689FE /* SearchResponse.swift in Sources */ = {isa = PBXBuildFile; fileRef = 71D3100C2711E2AA002689FE /* SearchResponse.swift */; };
		71D3100F2711E694002689FE /* Logger.swift in Sources */ = {isa = PBXBuildFile; fileRef = 71D3100E2711E694002689FE /* Logger.swift */; };
		71D310112711E7A1002689FE /* LoggerTests.swift in Sources */ = {isa = PBXBuildFile; fileRef = 71D310102711E7A1002689FE /* LoggerTests.swift */; };
		71D310142711EFEA002689FE /* SearchResultsView.swift in Sources */ = {isa = PBXBuildFile; fileRef = 71D310132711EFEA002689FE /* SearchResultsView.swift */; };
		71D310182711F0BF002689FE /* SearchRepository.swift in Sources */ = {isa = PBXBuildFile; fileRef = 71D310172711F0BF002689FE /* SearchRepository.swift */; };
		71D3101A2711F0CF002689FE /* SearchViewModel.swift in Sources */ = {isa = PBXBuildFile; fileRef = 71D310192711F0CF002689FE /* SearchViewModel.swift */; };
		71D3101E2711F282002689FE /* SearchRepositoryTests.swift in Sources */ = {isa = PBXBuildFile; fileRef = 71D3101D2711F282002689FE /* SearchRepositoryTests.swift */; };
		71D310212711F3C3002689FE /* URLSessionProtocol.swift in Sources */ = {isa = PBXBuildFile; fileRef = 71D310202711F3C3002689FE /* URLSessionProtocol.swift */; };
		71D310232711F465002689FE /* URLSessionMock.swift in Sources */ = {isa = PBXBuildFile; fileRef = 71D310222711F465002689FE /* URLSessionMock.swift */; };
		71D310262711F5BC002689FE /* SearchResponseJSON.swift in Sources */ = {isa = PBXBuildFile; fileRef = 71D310252711F5BC002689FE /* SearchResponseJSON.swift */; };
		71D81B202711FB85007CE54D /* Observable.swift in Sources */ = {isa = PBXBuildFile; fileRef = 71D81B1F2711FB85007CE54D /* Observable.swift */; };
		71D81B232711FC01007CE54D /* ObservableTests.swift in Sources */ = {isa = PBXBuildFile; fileRef = 71D81B222711FC01007CE54D /* ObservableTests.swift */; };
		71D81B252711FDEF007CE54D /* SearchViewModelTests.swift in Sources */ = {isa = PBXBuildFile; fileRef = 71D81B242711FDEF007CE54D /* SearchViewModelTests.swift */; };
		71D81B2727120453007CE54D /* SearchHeaderView.swift in Sources */ = {isa = PBXBuildFile; fileRef = 71D81B2627120453007CE54D /* SearchHeaderView.swift */; };
		71D81B292712080D007CE54D /* UIFont.swift in Sources */ = {isa = PBXBuildFile; fileRef = 71D81B282712080D007CE54D /* UIFont.swift */; };
		71D81B2B2712158C007CE54D /* SearchHeaderViewDelegate.swift in Sources */ = {isa = PBXBuildFile; fileRef = 71D81B2A2712158C007CE54D /* SearchHeaderViewDelegate.swift */; };
		71D81B2D27123787007CE54D /* SearchResultsCollectionView.swift in Sources */ = {isa = PBXBuildFile; fileRef = 71D81B2C27123787007CE54D /* SearchResultsCollectionView.swift */; };
		71D81B2F27123934007CE54D /* SearchResultsCollectionViewCell.swift in Sources */ = {isa = PBXBuildFile; fileRef = 71D81B2E27123934007CE54D /* SearchResultsCollectionViewCell.swift */; };
		71D81B3127123D8A007CE54D /* UIImageView.swift in Sources */ = {isa = PBXBuildFile; fileRef = 71D81B3027123D8A007CE54D /* UIImageView.swift */; };
		71D81B3327124A94007CE54D /* NumberFormatter.swift in Sources */ = {isa = PBXBuildFile; fileRef = 71D81B3227124A94007CE54D /* NumberFormatter.swift */; };
		71D8F3D02713324F0084DDE7 /* Cache.swift in Sources */ = {isa = PBXBuildFile; fileRef = 71D8F3CF2713324F0084DDE7 /* Cache.swift */; };
		71D8F3D2271336B60084DDE7 /* CacheTests.swift in Sources */ = {isa = PBXBuildFile; fileRef = 71D8F3D1271336B60084DDE7 /* CacheTests.swift */; };
		71D8F3D4271339BC0084DDE7 /* CacheTestModel.swift in Sources */ = {isa = PBXBuildFile; fileRef = 71D8F3D3271339BC0084DDE7 /* CacheTestModel.swift */; };
		71D8F3D627133C570084DDE7 /* RecentSearchView.swift in Sources */ = {isa = PBXBuildFile; fileRef = 71D8F3D527133C570084DDE7 /* RecentSearchView.swift */; };
		71D8F3D8271342660084DDE7 /* RecentSearchTableView.swift in Sources */ = {isa = PBXBuildFile; fileRef = 71D8F3D7271342660084DDE7 /* RecentSearchTableView.swift */; };
		71D8F3DA271343B00084DDE7 /* RecentSearchTableViewCell.swift in Sources */ = {isa = PBXBuildFile; fileRef = 71D8F3D9271343B00084DDE7 /* RecentSearchTableViewCell.swift */; };
		71D8F3DC271351B50084DDE7 /* ItemHeaderView.swift in Sources */ = {isa = PBXBuildFile; fileRef = 71D8F3DB271351B50084DDE7 /* ItemHeaderView.swift */; };
/* End PBXBuildFile section */

/* Begin PBXContainerItemProxy section */
		71CCCA6E2710F348009885D2 /* PBXContainerItemProxy */ = {
			isa = PBXContainerItemProxy;
			containerPortal = 71CCCA4F2710F344009885D2 /* Project object */;
			proxyType = 1;
			remoteGlobalIDString = 71CCCA562710F344009885D2;
			remoteInfo = "Meli Challenge";
		};
		71CCCA782710F348009885D2 /* PBXContainerItemProxy */ = {
			isa = PBXContainerItemProxy;
			containerPortal = 71CCCA4F2710F344009885D2 /* Project object */;
			proxyType = 1;
			remoteGlobalIDString = 71CCCA562710F344009885D2;
			remoteInfo = "Meli Challenge";
		};
/* End PBXContainerItemProxy section */

/* Begin PBXFileReference section */
		71CCCA572710F344009885D2 /* Meli Challenge.app */ = {isa = PBXFileReference; explicitFileType = wrapper.application; includeInIndex = 0; path = "Meli Challenge.app"; sourceTree = BUILT_PRODUCTS_DIR; };
		71CCCA5A2710F344009885D2 /* AppDelegate.swift */ = {isa = PBXFileReference; lastKnownFileType = sourcecode.swift; path = AppDelegate.swift; sourceTree = "<group>"; };
		71CCCA5C2710F344009885D2 /* SceneDelegate.swift */ = {isa = PBXFileReference; lastKnownFileType = sourcecode.swift; path = SceneDelegate.swift; sourceTree = "<group>"; };
		71CCCA5E2710F344009885D2 /* MainViewController.swift */ = {isa = PBXFileReference; lastKnownFileType = sourcecode.swift; path = MainViewController.swift; sourceTree = "<group>"; };
		71CCCA632710F348009885D2 /* Assets.xcassets */ = {isa = PBXFileReference; lastKnownFileType = folder.assetcatalog; path = Assets.xcassets; sourceTree = "<group>"; };
		71CCCA662710F348009885D2 /* Base */ = {isa = PBXFileReference; lastKnownFileType = file.storyboard; name = Base; path = Base.lproj/LaunchScreen.storyboard; sourceTree = "<group>"; };
		71CCCA682710F348009885D2 /* Info.plist */ = {isa = PBXFileReference; lastKnownFileType = text.plist.xml; path = Info.plist; sourceTree = "<group>"; };
		71CCCA6D2710F348009885D2 /* Meli ChallengeTests.xctest */ = {isa = PBXFileReference; explicitFileType = wrapper.cfbundle; includeInIndex = 0; path = "Meli ChallengeTests.xctest"; sourceTree = BUILT_PRODUCTS_DIR; };
		71CCCA772710F348009885D2 /* Meli ChallengeUITests.xctest */ = {isa = PBXFileReference; explicitFileType = wrapper.cfbundle; includeInIndex = 0; path = "Meli ChallengeUITests.xctest"; sourceTree = BUILT_PRODUCTS_DIR; };
		71CCCA7B2710F348009885D2 /* Meli_ChallengeUITests.swift */ = {isa = PBXFileReference; lastKnownFileType = sourcecode.swift; path = Meli_ChallengeUITests.swift; sourceTree = "<group>"; };
		71CCCA7D2710F348009885D2 /* Meli_ChallengeUITestsLaunchTests.swift */ = {isa = PBXFileReference; lastKnownFileType = sourcecode.swift; path = Meli_ChallengeUITestsLaunchTests.swift; sourceTree = "<group>"; };
		71CCCA8D2710F75D009885D2 /* SearchViewController.swift */ = {isa = PBXFileReference; lastKnownFileType = sourcecode.swift; path = SearchViewController.swift; sourceTree = "<group>"; };
		71CCCA8F2710F77F009885D2 /* ItemViewController.swift */ = {isa = PBXFileReference; lastKnownFileType = sourcecode.swift; path = ItemViewController.swift; sourceTree = "<group>"; };
		71CCCA932710F7F0009885D2 /* UIColor.swift */ = {isa = PBXFileReference; lastKnownFileType = sourcecode.swift; path = UIColor.swift; sourceTree = "<group>"; };
		71CCCA982710FB53009885D2 /* HeaderView.swift */ = {isa = PBXFileReference; lastKnownFileType = sourcecode.swift; path = HeaderView.swift; sourceTree = "<group>"; };
		71D310052711DFFF002689FE /* Network.swift */ = {isa = PBXFileReference; lastKnownFileType = sourcecode.swift; path = Network.swift; sourceTree = "<group>"; };
		71D3100A2711E246002689FE /* NetworkTests.swift */ = {isa = PBXFileReference; lastKnownFileType = sourcecode.swift; path = NetworkTests.swift; sourceTree = "<group>"; };
		71D3100C2711E2AA002689FE /* SearchResponse.swift */ = {isa = PBXFileReference; lastKnownFileType = sourcecode.swift; path = SearchResponse.swift; sourceTree = "<group>"; };
		71D3100E2711E694002689FE /* Logger.swift */ = {isa = PBXFileReference; lastKnownFileType = sourcecode.swift; path = Logger.swift; sourceTree = "<group>"; };
		71D310102711E7A1002689FE /* LoggerTests.swift */ = {isa = PBXFileReference; lastKnownFileType = sourcecode.swift; path = LoggerTests.swift; sourceTree = "<group>"; };
		71D310132711EFEA002689FE /* SearchResultsView.swift */ = {isa = PBXFileReference; lastKnownFileType = sourcecode.swift; path = SearchResultsView.swift; sourceTree = "<group>"; };
		71D310172711F0BF002689FE /* SearchRepository.swift */ = {isa = PBXFileReference; lastKnownFileType = sourcecode.swift; path = SearchRepository.swift; sourceTree = "<group>"; };
		71D310192711F0CF002689FE /* SearchViewModel.swift */ = {isa = PBXFileReference; lastKnownFileType = sourcecode.swift; path = SearchViewModel.swift; sourceTree = "<group>"; };
		71D3101D2711F282002689FE /* SearchRepositoryTests.swift */ = {isa = PBXFileReference; lastKnownFileType = sourcecode.swift; path = SearchRepositoryTests.swift; sourceTree = "<group>"; };
		71D310202711F3C3002689FE /* URLSessionProtocol.swift */ = {isa = PBXFileReference; lastKnownFileType = sourcecode.swift; path = URLSessionProtocol.swift; sourceTree = "<group>"; };
		71D310222711F465002689FE /* URLSessionMock.swift */ = {isa = PBXFileReference; lastKnownFileType = sourcecode.swift; path = URLSessionMock.swift; sourceTree = "<group>"; };
		71D310252711F5BC002689FE /* SearchResponseJSON.swift */ = {isa = PBXFileReference; lastKnownFileType = sourcecode.swift; path = SearchResponseJSON.swift; sourceTree = "<group>"; };
		71D81B1F2711FB85007CE54D /* Observable.swift */ = {isa = PBXFileReference; lastKnownFileType = sourcecode.swift; path = Observable.swift; sourceTree = "<group>"; };
		71D81B222711FC01007CE54D /* ObservableTests.swift */ = {isa = PBXFileReference; lastKnownFileType = sourcecode.swift; path = ObservableTests.swift; sourceTree = "<group>"; };
		71D81B242711FDEF007CE54D /* SearchViewModelTests.swift */ = {isa = PBXFileReference; lastKnownFileType = sourcecode.swift; path = SearchViewModelTests.swift; sourceTree = "<group>"; };
		71D81B2627120453007CE54D /* SearchHeaderView.swift */ = {isa = PBXFileReference; lastKnownFileType = sourcecode.swift; path = SearchHeaderView.swift; sourceTree = "<group>"; };
		71D81B282712080D007CE54D /* UIFont.swift */ = {isa = PBXFileReference; lastKnownFileType = sourcecode.swift; path = UIFont.swift; sourceTree = "<group>"; };
		71D81B2A2712158C007CE54D /* SearchHeaderViewDelegate.swift */ = {isa = PBXFileReference; lastKnownFileType = sourcecode.swift; path = SearchHeaderViewDelegate.swift; sourceTree = "<group>"; };
		71D81B2C27123787007CE54D /* SearchResultsCollectionView.swift */ = {isa = PBXFileReference; lastKnownFileType = sourcecode.swift; path = SearchResultsCollectionView.swift; sourceTree = "<group>"; };
		71D81B2E27123934007CE54D /* SearchResultsCollectionViewCell.swift */ = {isa = PBXFileReference; lastKnownFileType = sourcecode.swift; path = SearchResultsCollectionViewCell.swift; sourceTree = "<group>"; };
		71D81B3027123D8A007CE54D /* UIImageView.swift */ = {isa = PBXFileReference; lastKnownFileType = sourcecode.swift; path = UIImageView.swift; sourceTree = "<group>"; };
		71D81B3227124A94007CE54D /* NumberFormatter.swift */ = {isa = PBXFileReference; lastKnownFileType = sourcecode.swift; path = NumberFormatter.swift; sourceTree = "<group>"; };
		71D8F3CF2713324F0084DDE7 /* Cache.swift */ = {isa = PBXFileReference; lastKnownFileType = sourcecode.swift; path = Cache.swift; sourceTree = "<group>"; };
		71D8F3D1271336B60084DDE7 /* CacheTests.swift */ = {isa = PBXFileReference; lastKnownFileType = sourcecode.swift; path = CacheTests.swift; sourceTree = "<group>"; };
		71D8F3D3271339BC0084DDE7 /* CacheTestModel.swift */ = {isa = PBXFileReference; lastKnownFileType = sourcecode.swift; path = CacheTestModel.swift; sourceTree = "<group>"; };
		71D8F3D527133C570084DDE7 /* RecentSearchView.swift */ = {isa = PBXFileReference; lastKnownFileType = sourcecode.swift; path = RecentSearchView.swift; sourceTree = "<group>"; };
		71D8F3D7271342660084DDE7 /* RecentSearchTableView.swift */ = {isa = PBXFileReference; lastKnownFileType = sourcecode.swift; path = RecentSearchTableView.swift; sourceTree = "<group>"; };
		71D8F3D9271343B00084DDE7 /* RecentSearchTableViewCell.swift */ = {isa = PBXFileReference; lastKnownFileType = sourcecode.swift; path = RecentSearchTableViewCell.swift; sourceTree = "<group>"; };
		71D8F3DB271351B50084DDE7 /* ItemHeaderView.swift */ = {isa = PBXFileReference; lastKnownFileType = sourcecode.swift; path = ItemHeaderView.swift; sourceTree = "<group>"; };
/* End PBXFileReference section */

/* Begin PBXFrameworksBuildPhase section */
		71CCCA542710F344009885D2 /* Frameworks */ = {
			isa = PBXFrameworksBuildPhase;
			buildActionMask = 2147483647;
			files = (
			);
			runOnlyForDeploymentPostprocessing = 0;
		};
		71CCCA6A2710F348009885D2 /* Frameworks */ = {
			isa = PBXFrameworksBuildPhase;
			buildActionMask = 2147483647;
			files = (
			);
			runOnlyForDeploymentPostprocessing = 0;
		};
		71CCCA742710F348009885D2 /* Frameworks */ = {
			isa = PBXFrameworksBuildPhase;
			buildActionMask = 2147483647;
			files = (
			);
			runOnlyForDeploymentPostprocessing = 0;
		};
/* End PBXFrameworksBuildPhase section */

/* Begin PBXGroup section */
		71CCCA4E2710F344009885D2 = {
			isa = PBXGroup;
			children = (
				71CCCA592710F344009885D2 /* Meli Challenge */,
				71CCCA702710F348009885D2 /* Meli ChallengeTests */,
				71CCCA7A2710F348009885D2 /* Meli ChallengeUITests */,
				71CCCA582710F344009885D2 /* Products */,
			);
			sourceTree = "<group>";
		};
		71CCCA582710F344009885D2 /* Products */ = {
			isa = PBXGroup;
			children = (
				71CCCA572710F344009885D2 /* Meli Challenge.app */,
				71CCCA6D2710F348009885D2 /* Meli ChallengeTests.xctest */,
				71CCCA772710F348009885D2 /* Meli ChallengeUITests.xctest */,
			);
			name = Products;
			sourceTree = "<group>";
		};
		71CCCA592710F344009885D2 /* Meli Challenge */ = {
			isa = PBXGroup;
			children = (
				71D81B1E2711FB63007CE54D /* Libs */,
				71D310042711DFEF002689FE /* Services */,
				71CCCA972710FB3E009885D2 /* Shared */,
				71CCCA952710F8B8009885D2 /* Sections */,
				71CCCA922710F7D0009885D2 /* Extensions */,
				71CCCA5A2710F344009885D2 /* AppDelegate.swift */,
				71CCCA5C2710F344009885D2 /* SceneDelegate.swift */,
				71CCCA632710F348009885D2 /* Assets.xcassets */,
				71CCCA652710F348009885D2 /* LaunchScreen.storyboard */,
				71CCCA682710F348009885D2 /* Info.plist */,
			);
			path = "Meli Challenge";
			sourceTree = "<group>";
		};
		71CCCA702710F348009885D2 /* Meli ChallengeTests */ = {
			isa = PBXGroup;
			children = (
				71D81B212711FBE4007CE54D /* Libs */,
				71D310242711F579002689FE /* Mocks */,
				71D3101B2711F262002689FE /* Sections */,
				71D310072711E222002689FE /* Services */,
			);
			path = "Meli ChallengeTests";
			sourceTree = "<group>";
		};
		71CCCA7A2710F348009885D2 /* Meli ChallengeUITests */ = {
			isa = PBXGroup;
			children = (
				71CCCA7B2710F348009885D2 /* Meli_ChallengeUITests.swift */,
				71CCCA7D2710F348009885D2 /* Meli_ChallengeUITestsLaunchTests.swift */,
			);
			path = "Meli ChallengeUITests";
			sourceTree = "<group>";
		};
		71CCCA8A2710F6E7009885D2 /* Search */ = {
			isa = PBXGroup;
			children = (
				71D310122711EFD1002689FE /* Results */,
				71CCCA8C2710F733009885D2 /* Recent */,
				71CCCA8D2710F75D009885D2 /* SearchViewController.swift */,
				71D3100C2711E2AA002689FE /* SearchResponse.swift */,
				71D310172711F0BF002689FE /* SearchRepository.swift */,
				71D310192711F0CF002689FE /* SearchViewModel.swift */,
				71D81B2627120453007CE54D /* SearchHeaderView.swift */,
				71D81B2A2712158C007CE54D /* SearchHeaderViewDelegate.swift */,
			);
			path = Search;
			sourceTree = "<group>";
		};
		71CCCA8B2710F6F4009885D2 /* Item */ = {
			isa = PBXGroup;
			children = (
				71CCCA8F2710F77F009885D2 /* ItemViewController.swift */,
				71D8F3DB271351B50084DDE7 /* ItemHeaderView.swift */,
			);
			path = Item;
			sourceTree = "<group>";
		};
		71CCCA8C2710F733009885D2 /* Recent */ = {
			isa = PBXGroup;
			children = (
				71D8F3D527133C570084DDE7 /* RecentSearchView.swift */,
				71D8F3D7271342660084DDE7 /* RecentSearchTableView.swift */,
				71D8F3D9271343B00084DDE7 /* RecentSearchTableViewCell.swift */,
			);
			path = Recent;
			sourceTree = "<group>";
		};
		71CCCA922710F7D0009885D2 /* Extensions */ = {
			isa = PBXGroup;
			children = (
				71CCCA932710F7F0009885D2 /* UIColor.swift */,
				71D81B282712080D007CE54D /* UIFont.swift */,
				71D81B3027123D8A007CE54D /* UIImageView.swift */,
				71D81B3227124A94007CE54D /* NumberFormatter.swift */,
			);
			path = Extensions;
			sourceTree = "<group>";
		};
		71CCCA952710F8B8009885D2 /* Sections */ = {
			isa = PBXGroup;
			children = (
				71CCCA962710F8CC009885D2 /* Main */,
				71CCCA8B2710F6F4009885D2 /* Item */,
				71CCCA8A2710F6E7009885D2 /* Search */,
			);
			path = Sections;
			sourceTree = "<group>";
		};
		71CCCA962710F8CC009885D2 /* Main */ = {
			isa = PBXGroup;
			children = (
				71CCCA5E2710F344009885D2 /* MainViewController.swift */,
			);
			path = Main;
			sourceTree = "<group>";
		};
		71CCCA972710FB3E009885D2 /* Shared */ = {
			isa = PBXGroup;
			children = (
				71CCCA982710FB53009885D2 /* HeaderView.swift */,
			);
			path = Shared;
			sourceTree = "<group>";
		};
		71D310042711DFEF002689FE /* Services */ = {
			isa = PBXGroup;
			children = (
				71D3101F2711F3B1002689FE /* Network */,
				71D3100E2711E694002689FE /* Logger.swift */,
				71D8F3CF2713324F0084DDE7 /* Cache.swift */,
			);
			path = Services;
			sourceTree = "<group>";
		};
		71D310072711E222002689FE /* Services */ = {
			isa = PBXGroup;
			children = (
				71D3100A2711E246002689FE /* NetworkTests.swift */,
				71D310102711E7A1002689FE /* LoggerTests.swift */,
				71D310222711F465002689FE /* URLSessionMock.swift */,
				71D8F3D1271336B60084DDE7 /* CacheTests.swift */,
			);
			path = Services;
			sourceTree = "<group>";
		};
		71D310122711EFD1002689FE /* Results */ = {
			isa = PBXGroup;
			children = (
				71D310132711EFEA002689FE /* SearchResultsView.swift */,
				71D81B2C27123787007CE54D /* SearchResultsCollectionView.swift */,
				71D81B2E27123934007CE54D /* SearchResultsCollectionViewCell.swift */,
			);
			path = Results;
			sourceTree = "<group>";
		};
		71D3101B2711F262002689FE /* Sections */ = {
			isa = PBXGroup;
			children = (
				71D3101C2711F268002689FE /* Search */,
			);
			path = Sections;
			sourceTree = "<group>";
		};
		71D3101C2711F268002689FE /* Search */ = {
			isa = PBXGroup;
			children = (
				71D3101D2711F282002689FE /* SearchRepositoryTests.swift */,
				71D81B242711FDEF007CE54D /* SearchViewModelTests.swift */,
			);
			path = Search;
			sourceTree = "<group>";
		};
		71D3101F2711F3B1002689FE /* Network */ = {
			isa = PBXGroup;
			children = (
				71D310052711DFFF002689FE /* Network.swift */,
				71D310202711F3C3002689FE /* URLSessionProtocol.swift */,
			);
			path = Network;
			sourceTree = "<group>";
		};
		71D310242711F579002689FE /* Mocks */ = {
			isa = PBXGroup;
			children = (
				71D310252711F5BC002689FE /* SearchResponseJSON.swift */,
				71D8F3D3271339BC0084DDE7 /* CacheTestModel.swift */,
			);
			path = Mocks;
			sourceTree = "<group>";
		};
		71D81B1E2711FB63007CE54D /* Libs */ = {
			isa = PBXGroup;
			children = (
				71D81B1F2711FB85007CE54D /* Observable.swift */,
			);
			path = Libs;
			sourceTree = "<group>";
		};
		71D81B212711FBE4007CE54D /* Libs */ = {
			isa = PBXGroup;
			children = (
				71D81B222711FC01007CE54D /* ObservableTests.swift */,
			);
			path = Libs;
			sourceTree = "<group>";
		};
/* End PBXGroup section */

/* Begin PBXNativeTarget section */
		71CCCA562710F344009885D2 /* Meli Challenge */ = {
			isa = PBXNativeTarget;
			buildConfigurationList = 71CCCA812710F348009885D2 /* Build configuration list for PBXNativeTarget "Meli Challenge" */;
			buildPhases = (
				71CCCA532710F344009885D2 /* Sources */,
				71CCCA542710F344009885D2 /* Frameworks */,
				71CCCA552710F344009885D2 /* Resources */,
			);
			buildRules = (
			);
			dependencies = (
			);
			name = "Meli Challenge";
			productName = "Meli Challenge";
			productReference = 71CCCA572710F344009885D2 /* Meli Challenge.app */;
			productType = "com.apple.product-type.application";
		};
		71CCCA6C2710F348009885D2 /* Meli ChallengeTests */ = {
			isa = PBXNativeTarget;
			buildConfigurationList = 71CCCA842710F348009885D2 /* Build configuration list for PBXNativeTarget "Meli ChallengeTests" */;
			buildPhases = (
				71CCCA692710F348009885D2 /* Sources */,
				71CCCA6A2710F348009885D2 /* Frameworks */,
				71CCCA6B2710F348009885D2 /* Resources */,
			);
			buildRules = (
			);
			dependencies = (
				71CCCA6F2710F348009885D2 /* PBXTargetDependency */,
			);
			name = "Meli ChallengeTests";
			productName = "Meli ChallengeTests";
			productReference = 71CCCA6D2710F348009885D2 /* Meli ChallengeTests.xctest */;
			productType = "com.apple.product-type.bundle.unit-test";
		};
		71CCCA762710F348009885D2 /* Meli ChallengeUITests */ = {
			isa = PBXNativeTarget;
			buildConfigurationList = 71CCCA872710F348009885D2 /* Build configuration list for PBXNativeTarget "Meli ChallengeUITests" */;
			buildPhases = (
				71CCCA732710F348009885D2 /* Sources */,
				71CCCA742710F348009885D2 /* Frameworks */,
				71CCCA752710F348009885D2 /* Resources */,
			);
			buildRules = (
			);
			dependencies = (
				71CCCA792710F348009885D2 /* PBXTargetDependency */,
			);
			name = "Meli ChallengeUITests";
			productName = "Meli ChallengeUITests";
			productReference = 71CCCA772710F348009885D2 /* Meli ChallengeUITests.xctest */;
			productType = "com.apple.product-type.bundle.ui-testing";
		};
/* End PBXNativeTarget section */

/* Begin PBXProject section */
		71CCCA4F2710F344009885D2 /* Project object */ = {
			isa = PBXProject;
			attributes = {
				BuildIndependentTargetsInParallel = 1;
				LastSwiftUpdateCheck = 1300;
				LastUpgradeCheck = 1300;
				TargetAttributes = {
					71CCCA562710F344009885D2 = {
						CreatedOnToolsVersion = 13.0;
					};
					71CCCA6C2710F348009885D2 = {
						CreatedOnToolsVersion = 13.0;
						TestTargetID = 71CCCA562710F344009885D2;
					};
					71CCCA762710F348009885D2 = {
						CreatedOnToolsVersion = 13.0;
						TestTargetID = 71CCCA562710F344009885D2;
					};
				};
			};
			buildConfigurationList = 71CCCA522710F344009885D2 /* Build configuration list for PBXProject "Meli Challenge" */;
			compatibilityVersion = "Xcode 13.0";
			developmentRegion = en;
			hasScannedForEncodings = 0;
			knownRegions = (
				en,
				Base,
			);
			mainGroup = 71CCCA4E2710F344009885D2;
			productRefGroup = 71CCCA582710F344009885D2 /* Products */;
			projectDirPath = "";
			projectRoot = "";
			targets = (
				71CCCA562710F344009885D2 /* Meli Challenge */,
				71CCCA6C2710F348009885D2 /* Meli ChallengeTests */,
				71CCCA762710F348009885D2 /* Meli ChallengeUITests */,
			);
		};
/* End PBXProject section */

/* Begin PBXResourcesBuildPhase section */
		71CCCA552710F344009885D2 /* Resources */ = {
			isa = PBXResourcesBuildPhase;
			buildActionMask = 2147483647;
			files = (
				71CCCA672710F348009885D2 /* LaunchScreen.storyboard in Resources */,
				71CCCA642710F348009885D2 /* Assets.xcassets in Resources */,
			);
			runOnlyForDeploymentPostprocessing = 0;
		};
		71CCCA6B2710F348009885D2 /* Resources */ = {
			isa = PBXResourcesBuildPhase;
			buildActionMask = 2147483647;
			files = (
			);
			runOnlyForDeploymentPostprocessing = 0;
		};
		71CCCA752710F348009885D2 /* Resources */ = {
			isa = PBXResourcesBuildPhase;
			buildActionMask = 2147483647;
			files = (
			);
			runOnlyForDeploymentPostprocessing = 0;
		};
/* End PBXResourcesBuildPhase section */

/* Begin PBXSourcesBuildPhase section */
		71CCCA532710F344009885D2 /* Sources */ = {
			isa = PBXSourcesBuildPhase;
			buildActionMask = 2147483647;
			files = (
				71D8F3D02713324F0084DDE7 /* Cache.swift in Sources */,
				71D8F3D8271342660084DDE7 /* RecentSearchTableView.swift in Sources */,
				71D310212711F3C3002689FE /* URLSessionProtocol.swift in Sources */,
				71D81B292712080D007CE54D /* UIFont.swift in Sources */,
				71D81B202711FB85007CE54D /* Observable.swift in Sources */,
				71D81B2F27123934007CE54D /* SearchResultsCollectionViewCell.swift in Sources */,
				71CCCA5F2710F344009885D2 /* MainViewController.swift in Sources */,
				71CCCA942710F7F0009885D2 /* UIColor.swift in Sources */,
				71D310062711DFFF002689FE /* Network.swift in Sources */,
				71D81B2D27123787007CE54D /* SearchResultsCollectionView.swift in Sources */,
				71D310182711F0BF002689FE /* SearchRepository.swift in Sources */,
				71CCCA5B2710F344009885D2 /* AppDelegate.swift in Sources */,
				71D81B2B2712158C007CE54D /* SearchHeaderViewDelegate.swift in Sources */,
				71D3101A2711F0CF002689FE /* SearchViewModel.swift in Sources */,
				71CCCA902710F77F009885D2 /* ItemViewController.swift in Sources */,
				71D310142711EFEA002689FE /* SearchResultsView.swift in Sources */,
				71D3100F2711E694002689FE /* Logger.swift in Sources */,
				71D8F3DC271351B50084DDE7 /* ItemHeaderView.swift in Sources */,
				71D81B2727120453007CE54D /* SearchHeaderView.swift in Sources */,
				71D8F3DA271343B00084DDE7 /* RecentSearchTableViewCell.swift in Sources */,
				71D81B3127123D8A007CE54D /* UIImageView.swift in Sources */,
				71D81B3327124A94007CE54D /* NumberFormatter.swift in Sources */,
				71D8F3D627133C570084DDE7 /* RecentSearchView.swift in Sources */,
				71CCCA8E2710F75D009885D2 /* SearchViewController.swift in Sources */,
				71CCCA5D2710F344009885D2 /* SceneDelegate.swift in Sources */,
				71D3100D2711E2AA002689FE /* SearchResponse.swift in Sources */,
				71CCCA992710FB53009885D2 /* HeaderView.swift in Sources */,
			);
			runOnlyForDeploymentPostprocessing = 0;
		};
		71CCCA692710F348009885D2 /* Sources */ = {
			isa = PBXSourcesBuildPhase;
			buildActionMask = 2147483647;
			files = (
				71D310232711F465002689FE /* URLSessionMock.swift in Sources */,
				71D3100B2711E246002689FE /* NetworkTests.swift in Sources */,
				71D8F3D2271336B60084DDE7 /* CacheTests.swift in Sources */,
				71D8F3D4271339BC0084DDE7 /* CacheTestModel.swift in Sources */,
				71D310262711F5BC002689FE /* SearchResponseJSON.swift in Sources */,
				71D310112711E7A1002689FE /* LoggerTests.swift in Sources */,
				71D81B232711FC01007CE54D /* ObservableTests.swift in Sources */,
				71D81B252711FDEF007CE54D /* SearchViewModelTests.swift in Sources */,
				71D3101E2711F282002689FE /* SearchRepositoryTests.swift in Sources */,
			);
			runOnlyForDeploymentPostprocessing = 0;
		};
		71CCCA732710F348009885D2 /* Sources */ = {
			isa = PBXSourcesBuildPhase;
			buildActionMask = 2147483647;
			files = (
				71CCCA7C2710F348009885D2 /* Meli_ChallengeUITests.swift in Sources */,
				71CCCA7E2710F348009885D2 /* Meli_ChallengeUITestsLaunchTests.swift in Sources */,
			);
			runOnlyForDeploymentPostprocessing = 0;
		};
/* End PBXSourcesBuildPhase section */

/* Begin PBXTargetDependency section */
		71CCCA6F2710F348009885D2 /* PBXTargetDependency */ = {
			isa = PBXTargetDependency;
			target = 71CCCA562710F344009885D2 /* Meli Challenge */;
			targetProxy = 71CCCA6E2710F348009885D2 /* PBXContainerItemProxy */;
		};
		71CCCA792710F348009885D2 /* PBXTargetDependency */ = {
			isa = PBXTargetDependency;
			target = 71CCCA562710F344009885D2 /* Meli Challenge */;
			targetProxy = 71CCCA782710F348009885D2 /* PBXContainerItemProxy */;
		};
/* End PBXTargetDependency section */

/* Begin PBXVariantGroup section */
		71CCCA652710F348009885D2 /* LaunchScreen.storyboard */ = {
			isa = PBXVariantGroup;
			children = (
				71CCCA662710F348009885D2 /* Base */,
			);
			name = LaunchScreen.storyboard;
			sourceTree = "<group>";
		};
/* End PBXVariantGroup section */

/* Begin XCBuildConfiguration section */
		71CCCA7F2710F348009885D2 /* Debug */ = {
			isa = XCBuildConfiguration;
			buildSettings = {
				ALWAYS_SEARCH_USER_PATHS = NO;
				CLANG_ANALYZER_NONNULL = YES;
				CLANG_ANALYZER_NUMBER_OBJECT_CONVERSION = YES_AGGRESSIVE;
				CLANG_CXX_LANGUAGE_STANDARD = "gnu++17";
				CLANG_CXX_LIBRARY = "libc++";
				CLANG_ENABLE_MODULES = YES;
				CLANG_ENABLE_OBJC_ARC = YES;
				CLANG_ENABLE_OBJC_WEAK = YES;
				CLANG_WARN_BLOCK_CAPTURE_AUTORELEASING = YES;
				CLANG_WARN_BOOL_CONVERSION = YES;
				CLANG_WARN_COMMA = YES;
				CLANG_WARN_CONSTANT_CONVERSION = YES;
				CLANG_WARN_DEPRECATED_OBJC_IMPLEMENTATIONS = YES;
				CLANG_WARN_DIRECT_OBJC_ISA_USAGE = YES_ERROR;
				CLANG_WARN_DOCUMENTATION_COMMENTS = YES;
				CLANG_WARN_EMPTY_BODY = YES;
				CLANG_WARN_ENUM_CONVERSION = YES;
				CLANG_WARN_INFINITE_RECURSION = YES;
				CLANG_WARN_INT_CONVERSION = YES;
				CLANG_WARN_NON_LITERAL_NULL_CONVERSION = YES;
				CLANG_WARN_OBJC_IMPLICIT_RETAIN_SELF = YES;
				CLANG_WARN_OBJC_LITERAL_CONVERSION = YES;
				CLANG_WARN_OBJC_ROOT_CLASS = YES_ERROR;
				CLANG_WARN_QUOTED_INCLUDE_IN_FRAMEWORK_HEADER = YES;
				CLANG_WARN_RANGE_LOOP_ANALYSIS = YES;
				CLANG_WARN_STRICT_PROTOTYPES = YES;
				CLANG_WARN_SUSPICIOUS_MOVE = YES;
				CLANG_WARN_UNGUARDED_AVAILABILITY = YES_AGGRESSIVE;
				CLANG_WARN_UNREACHABLE_CODE = YES;
				CLANG_WARN__DUPLICATE_METHOD_MATCH = YES;
				COPY_PHASE_STRIP = NO;
				DEBUG_INFORMATION_FORMAT = dwarf;
				ENABLE_STRICT_OBJC_MSGSEND = YES;
				ENABLE_TESTABILITY = YES;
				GCC_C_LANGUAGE_STANDARD = gnu11;
				GCC_DYNAMIC_NO_PIC = NO;
				GCC_NO_COMMON_BLOCKS = YES;
				GCC_OPTIMIZATION_LEVEL = 0;
				GCC_PREPROCESSOR_DEFINITIONS = (
					"DEBUG=1",
					"$(inherited)",
				);
				GCC_WARN_64_TO_32_BIT_CONVERSION = YES;
				GCC_WARN_ABOUT_RETURN_TYPE = YES_ERROR;
				GCC_WARN_UNDECLARED_SELECTOR = YES;
				GCC_WARN_UNINITIALIZED_AUTOS = YES_AGGRESSIVE;
				GCC_WARN_UNUSED_FUNCTION = YES;
				GCC_WARN_UNUSED_VARIABLE = YES;
				IPHONEOS_DEPLOYMENT_TARGET = 15.0;
				MTL_ENABLE_DEBUG_INFO = INCLUDE_SOURCE;
				MTL_FAST_MATH = YES;
				ONLY_ACTIVE_ARCH = YES;
				SDKROOT = iphoneos;
				SWIFT_ACTIVE_COMPILATION_CONDITIONS = DEBUG;
				SWIFT_OPTIMIZATION_LEVEL = "-Onone";
			};
			name = Debug;
		};
		71CCCA802710F348009885D2 /* Release */ = {
			isa = XCBuildConfiguration;
			buildSettings = {
				ALWAYS_SEARCH_USER_PATHS = NO;
				CLANG_ANALYZER_NONNULL = YES;
				CLANG_ANALYZER_NUMBER_OBJECT_CONVERSION = YES_AGGRESSIVE;
				CLANG_CXX_LANGUAGE_STANDARD = "gnu++17";
				CLANG_CXX_LIBRARY = "libc++";
				CLANG_ENABLE_MODULES = YES;
				CLANG_ENABLE_OBJC_ARC = YES;
				CLANG_ENABLE_OBJC_WEAK = YES;
				CLANG_WARN_BLOCK_CAPTURE_AUTORELEASING = YES;
				CLANG_WARN_BOOL_CONVERSION = YES;
				CLANG_WARN_COMMA = YES;
				CLANG_WARN_CONSTANT_CONVERSION = YES;
				CLANG_WARN_DEPRECATED_OBJC_IMPLEMENTATIONS = YES;
				CLANG_WARN_DIRECT_OBJC_ISA_USAGE = YES_ERROR;
				CLANG_WARN_DOCUMENTATION_COMMENTS = YES;
				CLANG_WARN_EMPTY_BODY = YES;
				CLANG_WARN_ENUM_CONVERSION = YES;
				CLANG_WARN_INFINITE_RECURSION = YES;
				CLANG_WARN_INT_CONVERSION = YES;
				CLANG_WARN_NON_LITERAL_NULL_CONVERSION = YES;
				CLANG_WARN_OBJC_IMPLICIT_RETAIN_SELF = YES;
				CLANG_WARN_OBJC_LITERAL_CONVERSION = YES;
				CLANG_WARN_OBJC_ROOT_CLASS = YES_ERROR;
				CLANG_WARN_QUOTED_INCLUDE_IN_FRAMEWORK_HEADER = YES;
				CLANG_WARN_RANGE_LOOP_ANALYSIS = YES;
				CLANG_WARN_STRICT_PROTOTYPES = YES;
				CLANG_WARN_SUSPICIOUS_MOVE = YES;
				CLANG_WARN_UNGUARDED_AVAILABILITY = YES_AGGRESSIVE;
				CLANG_WARN_UNREACHABLE_CODE = YES;
				CLANG_WARN__DUPLICATE_METHOD_MATCH = YES;
				COPY_PHASE_STRIP = NO;
				DEBUG_INFORMATION_FORMAT = "dwarf-with-dsym";
				ENABLE_NS_ASSERTIONS = NO;
				ENABLE_STRICT_OBJC_MSGSEND = YES;
				GCC_C_LANGUAGE_STANDARD = gnu11;
				GCC_NO_COMMON_BLOCKS = YES;
				GCC_WARN_64_TO_32_BIT_CONVERSION = YES;
				GCC_WARN_ABOUT_RETURN_TYPE = YES_ERROR;
				GCC_WARN_UNDECLARED_SELECTOR = YES;
				GCC_WARN_UNINITIALIZED_AUTOS = YES_AGGRESSIVE;
				GCC_WARN_UNUSED_FUNCTION = YES;
				GCC_WARN_UNUSED_VARIABLE = YES;
				IPHONEOS_DEPLOYMENT_TARGET = 15.0;
				MTL_ENABLE_DEBUG_INFO = NO;
				MTL_FAST_MATH = YES;
				SDKROOT = iphoneos;
				SWIFT_COMPILATION_MODE = wholemodule;
				SWIFT_OPTIMIZATION_LEVEL = "-O";
				VALIDATE_PRODUCT = YES;
			};
			name = Release;
		};
		71CCCA822710F348009885D2 /* Debug */ = {
			isa = XCBuildConfiguration;
			buildSettings = {
				ASSETCATALOG_COMPILER_APPICON_NAME = AppIcon;
				ASSETCATALOG_COMPILER_GLOBAL_ACCENT_COLOR_NAME = AccentColor;
				CODE_SIGN_STYLE = Automatic;
				CURRENT_PROJECT_VERSION = 1;
				DEVELOPMENT_TEAM = 8GL3NNL858;
				GENERATE_INFOPLIST_FILE = YES;
				INFOPLIST_FILE = "Meli Challenge/Info.plist";
				INFOPLIST_KEY_UIApplicationSupportsIndirectInputEvents = YES;
				INFOPLIST_KEY_UILaunchStoryboardName = LaunchScreen;
				INFOPLIST_KEY_UISupportedInterfaceOrientations = "UIInterfaceOrientationLandscapeLeft UIInterfaceOrientationLandscapeRight UIInterfaceOrientationPortrait";
				INFOPLIST_KEY_UISupportedInterfaceOrientations_iPad = "UIInterfaceOrientationPortrait UIInterfaceOrientationPortraitUpsideDown UIInterfaceOrientationLandscapeLeft UIInterfaceOrientationLandscapeRight";
				INFOPLIST_KEY_UISupportedInterfaceOrientations_iPhone = "UIInterfaceOrientationPortrait UIInterfaceOrientationLandscapeLeft UIInterfaceOrientationLandscapeRight";
				IPHONEOS_DEPLOYMENT_TARGET = 13.0;
				LD_RUNPATH_SEARCH_PATHS = (
					"$(inherited)",
					"@executable_path/Frameworks",
				);
				MARKETING_VERSION = 1.0;
				PRODUCT_BUNDLE_IDENTIFIER = "com.alesanabria.Meli-Challenge";
				PRODUCT_NAME = "$(TARGET_NAME)";
				SWIFT_EMIT_LOC_STRINGS = YES;
				SWIFT_VERSION = 5.0;
				TARGETED_DEVICE_FAMILY = "1,2";
			};
			name = Debug;
		};
		71CCCA832710F348009885D2 /* Release */ = {
			isa = XCBuildConfiguration;
			buildSettings = {
				ASSETCATALOG_COMPILER_APPICON_NAME = AppIcon;
				ASSETCATALOG_COMPILER_GLOBAL_ACCENT_COLOR_NAME = AccentColor;
				CODE_SIGN_STYLE = Automatic;
				CURRENT_PROJECT_VERSION = 1;
				DEVELOPMENT_TEAM = 8GL3NNL858;
				GENERATE_INFOPLIST_FILE = YES;
				INFOPLIST_FILE = "Meli Challenge/Info.plist";
				INFOPLIST_KEY_UIApplicationSupportsIndirectInputEvents = YES;
				INFOPLIST_KEY_UILaunchStoryboardName = LaunchScreen;
				INFOPLIST_KEY_UISupportedInterfaceOrientations = "UIInterfaceOrientationLandscapeLeft UIInterfaceOrientationLandscapeRight UIInterfaceOrientationPortrait";
				INFOPLIST_KEY_UISupportedInterfaceOrientations_iPad = "UIInterfaceOrientationPortrait UIInterfaceOrientationPortraitUpsideDown UIInterfaceOrientationLandscapeLeft UIInterfaceOrientationLandscapeRight";
				INFOPLIST_KEY_UISupportedInterfaceOrientations_iPhone = "UIInterfaceOrientationPortrait UIInterfaceOrientationLandscapeLeft UIInterfaceOrientationLandscapeRight";
				IPHONEOS_DEPLOYMENT_TARGET = 13.0;
				LD_RUNPATH_SEARCH_PATHS = (
					"$(inherited)",
					"@executable_path/Frameworks",
				);
				MARKETING_VERSION = 1.0;
				PRODUCT_BUNDLE_IDENTIFIER = "com.alesanabria.Meli-Challenge";
				PRODUCT_NAME = "$(TARGET_NAME)";
				SWIFT_EMIT_LOC_STRINGS = YES;
				SWIFT_VERSION = 5.0;
				TARGETED_DEVICE_FAMILY = "1,2";
			};
			name = Release;
		};
		71CCCA852710F348009885D2 /* Debug */ = {
			isa = XCBuildConfiguration;
			buildSettings = {
				ALWAYS_EMBED_SWIFT_STANDARD_LIBRARIES = YES;
				BUNDLE_LOADER = "$(TEST_HOST)";
				CODE_SIGN_STYLE = Automatic;
				CURRENT_PROJECT_VERSION = 1;
				DEVELOPMENT_TEAM = 8GL3NNL858;
				GENERATE_INFOPLIST_FILE = YES;
				IPHONEOS_DEPLOYMENT_TARGET = 15.0;
				LD_RUNPATH_SEARCH_PATHS = (
					"$(inherited)",
					"@executable_path/Frameworks",
					"@loader_path/Frameworks",
				);
				MARKETING_VERSION = 1.0;
				PRODUCT_BUNDLE_IDENTIFIER = "com.alesanabria.Meli-ChallengeTests";
				PRODUCT_NAME = "$(TARGET_NAME)";
				SWIFT_EMIT_LOC_STRINGS = NO;
				SWIFT_VERSION = 5.0;
				TARGETED_DEVICE_FAMILY = "1,2";
				TEST_HOST = "$(BUILT_PRODUCTS_DIR)/Meli Challenge.app/Meli Challenge";
			};
			name = Debug;
		};
		71CCCA862710F348009885D2 /* Release */ = {
			isa = XCBuildConfiguration;
			buildSettings = {
				ALWAYS_EMBED_SWIFT_STANDARD_LIBRARIES = YES;
				BUNDLE_LOADER = "$(TEST_HOST)";
				CODE_SIGN_STYLE = Automatic;
				CURRENT_PROJECT_VERSION = 1;
				DEVELOPMENT_TEAM = 8GL3NNL858;
				GENERATE_INFOPLIST_FILE = YES;
				IPHONEOS_DEPLOYMENT_TARGET = 15.0;
				LD_RUNPATH_SEARCH_PATHS = (
					"$(inherited)",
					"@executable_path/Frameworks",
					"@loader_path/Frameworks",
				);
				MARKETING_VERSION = 1.0;
				PRODUCT_BUNDLE_IDENTIFIER = "com.alesanabria.Meli-ChallengeTests";
				PRODUCT_NAME = "$(TARGET_NAME)";
				SWIFT_EMIT_LOC_STRINGS = NO;
				SWIFT_VERSION = 5.0;
				TARGETED_DEVICE_FAMILY = "1,2";
				TEST_HOST = "$(BUILT_PRODUCTS_DIR)/Meli Challenge.app/Meli Challenge";
			};
			name = Release;
		};
		71CCCA882710F348009885D2 /* Debug */ = {
			isa = XCBuildConfiguration;
			buildSettings = {
				ALWAYS_EMBED_SWIFT_STANDARD_LIBRARIES = YES;
				CODE_SIGN_STYLE = Automatic;
				CURRENT_PROJECT_VERSION = 1;
				DEVELOPMENT_TEAM = 8GL3NNL858;
				GENERATE_INFOPLIST_FILE = YES;
				LD_RUNPATH_SEARCH_PATHS = (
					"$(inherited)",
					"@executable_path/Frameworks",
					"@loader_path/Frameworks",
				);
				MARKETING_VERSION = 1.0;
				PRODUCT_BUNDLE_IDENTIFIER = "com.alesanabria.Meli-ChallengeUITests";
				PRODUCT_NAME = "$(TARGET_NAME)";
				SWIFT_EMIT_LOC_STRINGS = NO;
				SWIFT_VERSION = 5.0;
				TARGETED_DEVICE_FAMILY = "1,2";
				TEST_TARGET_NAME = "Meli Challenge";
			};
			name = Debug;
		};
		71CCCA892710F348009885D2 /* Release */ = {
			isa = XCBuildConfiguration;
			buildSettings = {
				ALWAYS_EMBED_SWIFT_STANDARD_LIBRARIES = YES;
				CODE_SIGN_STYLE = Automatic;
				CURRENT_PROJECT_VERSION = 1;
				DEVELOPMENT_TEAM = 8GL3NNL858;
				GENERATE_INFOPLIST_FILE = YES;
				LD_RUNPATH_SEARCH_PATHS = (
					"$(inherited)",
					"@executable_path/Frameworks",
					"@loader_path/Frameworks",
				);
				MARKETING_VERSION = 1.0;
				PRODUCT_BUNDLE_IDENTIFIER = "com.alesanabria.Meli-ChallengeUITests";
				PRODUCT_NAME = "$(TARGET_NAME)";
				SWIFT_EMIT_LOC_STRINGS = NO;
				SWIFT_VERSION = 5.0;
				TARGETED_DEVICE_FAMILY = "1,2";
				TEST_TARGET_NAME = "Meli Challenge";
			};
			name = Release;
		};
/* End XCBuildConfiguration section */

/* Begin XCConfigurationList section */
		71CCCA522710F344009885D2 /* Build configuration list for PBXProject "Meli Challenge" */ = {
			isa = XCConfigurationList;
			buildConfigurations = (
				71CCCA7F2710F348009885D2 /* Debug */,
				71CCCA802710F348009885D2 /* Release */,
			);
			defaultConfigurationIsVisible = 0;
			defaultConfigurationName = Release;
		};
		71CCCA812710F348009885D2 /* Build configuration list for PBXNativeTarget "Meli Challenge" */ = {
			isa = XCConfigurationList;
			buildConfigurations = (
				71CCCA822710F348009885D2 /* Debug */,
				71CCCA832710F348009885D2 /* Release */,
			);
			defaultConfigurationIsVisible = 0;
			defaultConfigurationName = Release;
		};
		71CCCA842710F348009885D2 /* Build configuration list for PBXNativeTarget "Meli ChallengeTests" */ = {
			isa = XCConfigurationList;
			buildConfigurations = (
				71CCCA852710F348009885D2 /* Debug */,
				71CCCA862710F348009885D2 /* Release */,
			);
			defaultConfigurationIsVisible = 0;
			defaultConfigurationName = Release;
		};
		71CCCA872710F348009885D2 /* Build configuration list for PBXNativeTarget "Meli ChallengeUITests" */ = {
			isa = XCConfigurationList;
			buildConfigurations = (
				71CCCA882710F348009885D2 /* Debug */,
				71CCCA892710F348009885D2 /* Release */,
			);
			defaultConfigurationIsVisible = 0;
			defaultConfigurationName = Release;
		};
/* End XCConfigurationList section */
	};
	rootObject = 71CCCA4F2710F344009885D2 /* Project object */;
}
